
Microsoft Visual Studio Solution File, Format Version 12.00
# Visual Studio Version 16
VisualStudioVersion = 16.0.30804.86
MinimumVisualStudioVersion = 10.0.40219.1
Project("{FAE04EC0-301F-11D3-BF4B-00C04F79EFBC}") = "ViewImageProgram", "ViewImageProgram\ViewImageProgram.csproj", "{5844F47B-0E31-4581-B89C-A4F675622EB1}"
EndProject
Project("{FAE04EC0-301F-11D3-BF4B-00C04F79EFBC}") = "UnitTestProject1", "UnitTestProject1\UnitTestProject1.csproj", "{8844A5CD-5135-43B5-A9ED-B954D4CDBB78}"
EndProject
Global
	GlobalSection(SolutionConfigurationPlatforms) = preSolution
		Debug|Any CPU = Debug|Any CPU
		Release|Any CPU = Release|Any CPU
	EndGlobalSection
	GlobalSection(ProjectConfigurationPlatforms) = postSolution
		{5844F47B-0E31-4581-B89C-A4F675622EB1}.Debug|Any CPU.ActiveCfg = Debug|Any CPU
		{5844F47B-0E31-4581-B89C-A4F675622EB1}.Debug|Any CPU.Build.0 = Debug|Any CPU
		{5844F47B-0E31-4581-B89C-A4F675622EB1}.Release|Any CPU.ActiveCfg = Release|Any CPU
		{5844F47B-0E31-4581-B89C-A4F675622EB1}.Release|Any CPU.Build.0 = Release|Any CPU
		{8844A5CD-5135-43B5-A9ED-B954D4CDBB78}.Debug|Any CPU.ActiveCfg = Debug|Any CPU
		{8844A5CD-5135-43B5-A9ED-B954D4CDBB78}.Debug|Any CPU.Build.0 = Debug|Any CPU
		{8844A5CD-5135-43B5-A9ED-B954D4CDBB78}.Release|Any CPU.ActiveCfg = Release|Any CPU
		{8844A5CD-5135-43B5-A9ED-B954D4CDBB78}.Release|Any CPU.Build.0 = Release|Any CPU
	EndGlobalSection
	GlobalSection(SolutionProperties) = preSolution
		HideSolutionNode = FALSE
	EndGlobalSection
	GlobalSection(ExtensibilityGlobals) = postSolution
		SolutionGuid = {74B5DEEE-4D42-4CBF-A375-7F94DD54B293}
	EndGlobalSection
EndGlobal
